// !$*UTF8*$!
{
	archiveVersion = 1;
	classes = {
	};
	objectVersion = 46;
	objects = {

/* Begin PBXBuildFile section */
		866FFB0F1E1583CA009FEE00 /* AppDelegate.swift in Sources */ = {isa = PBXBuildFile; fileRef = 866FFB0E1E1583CA009FEE00 /* AppDelegate.swift */; };
		866FFB111E1583CA009FEE00 /* SignInVC.swift in Sources */ = {isa = PBXBuildFile; fileRef = 866FFB101E1583CA009FEE00 /* SignInVC.swift */; };
		866FFB141E1583CA009FEE00 /* Main.storyboard in Resources */ = {isa = PBXBuildFile; fileRef = 866FFB121E1583CA009FEE00 /* Main.storyboard */; };
		866FFB161E1583CA009FEE00 /* Assets.xcassets in Resources */ = {isa = PBXBuildFile; fileRef = 866FFB151E1583CA009FEE00 /* Assets.xcassets */; };
		866FFB191E1583CA009FEE00 /* LaunchScreen.storyboard in Resources */ = {isa = PBXBuildFile; fileRef = 866FFB171E1583CA009FEE00 /* LaunchScreen.storyboard */; };
		866FFB211E158432009FEE00 /* GoogleService-Info.plist in Resources */ = {isa = PBXBuildFile; fileRef = 866FFB201E158432009FEE00 /* GoogleService-Info.plist */; };
		866FFB261E15C807009FEE00 /* EnhancedView.swift in Sources */ = {isa = PBXBuildFile; fileRef = 866FFB251E15C807009FEE00 /* EnhancedView.swift */; };
		866FFB291E15C894009FEE00 /* Constants.swift in Sources */ = {isa = PBXBuildFile; fileRef = 866FFB281E15C894009FEE00 /* Constants.swift */; };
		866FFB2B1E15CA39009FEE00 /* RoundBtn.swift in Sources */ = {isa = PBXBuildFile; fileRef = 866FFB2A1E15CA39009FEE00 /* RoundBtn.swift */; };
		866FFB2D1E15CC42009FEE00 /* EnhancedField.swift in Sources */ = {isa = PBXBuildFile; fileRef = 866FFB2C1E15CC42009FEE00 /* EnhancedField.swift */; };
		866FFB2F1E15CD6D009FEE00 /* EnhancedBtn.swift in Sources */ = {isa = PBXBuildFile; fileRef = 866FFB2E1E15CD6D009FEE00 /* EnhancedBtn.swift */; };
		EE233D0272FC6BE356D2FF64 /* Pods_Social_App.framework in Frameworks */ = {isa = PBXBuildFile; fileRef = B9798FCD10EB6DFF714F0E70 /* Pods_Social_App.framework */; };
/* End PBXBuildFile section */

/* Begin PBXFileReference section */
		3F55B3E3B0828AE15F9BD425 /* Pods-Social App.debug.xcconfig */ = {isa = PBXFileReference; includeInIndex = 1; lastKnownFileType = text.xcconfig; name = "Pods-Social App.debug.xcconfig"; path = "Pods/Target Support Files/Pods-Social App/Pods-Social App.debug.xcconfig"; sourceTree = "<group>"; };
		6549D10206AA04CE89409667 /* Pods-Social App.release.xcconfig */ = {isa = PBXFileReference; includeInIndex = 1; lastKnownFileType = text.xcconfig; name = "Pods-Social App.release.xcconfig"; path = "Pods/Target Support Files/Pods-Social App/Pods-Social App.release.xcconfig"; sourceTree = "<group>"; };
		866FFB0B1E1583CA009FEE00 /* Social App.app */ = {isa = PBXFileReference; explicitFileType = wrapper.application; includeInIndex = 0; path = "Social App.app"; sourceTree = BUILT_PRODUCTS_DIR; };
		866FFB0E1E1583CA009FEE00 /* AppDelegate.swift */ = {isa = PBXFileReference; lastKnownFileType = sourcecode.swift; path = AppDelegate.swift; sourceTree = "<group>"; };
		866FFB101E1583CA009FEE00 /* SignInVC.swift */ = {isa = PBXFileReference; lastKnownFileType = sourcecode.swift; path = SignInVC.swift; sourceTree = "<group>"; };
		866FFB131E1583CA009FEE00 /* Base */ = {isa = PBXFileReference; lastKnownFileType = file.storyboard; name = Base; path = Base.lproj/Main.storyboard; sourceTree = "<group>"; };
		866FFB151E1583CA009FEE00 /* Assets.xcassets */ = {isa = PBXFileReference; lastKnownFileType = folder.assetcatalog; path = Assets.xcassets; sourceTree = "<group>"; };
		866FFB181E1583CA009FEE00 /* Base */ = {isa = PBXFileReference; lastKnownFileType = file.storyboard; name = Base; path = Base.lproj/LaunchScreen.storyboard; sourceTree = "<group>"; };
		866FFB1A1E1583CA009FEE00 /* Info.plist */ = {isa = PBXFileReference; lastKnownFileType = text.plist.xml; path = Info.plist; sourceTree = "<group>"; };
		866FFB201E158432009FEE00 /* GoogleService-Info.plist */ = {isa = PBXFileReference; fileEncoding = 4; lastKnownFileType = text.plist.xml; path = "GoogleService-Info.plist"; sourceTree = "<group>"; };
		866FFB251E15C807009FEE00 /* EnhancedView.swift */ = {isa = PBXFileReference; fileEncoding = 4; lastKnownFileType = sourcecode.swift; path = EnhancedView.swift; sourceTree = "<group>"; };
		866FFB281E15C894009FEE00 /* Constants.swift */ = {isa = PBXFileReference; fileEncoding = 4; lastKnownFileType = sourcecode.swift; path = Constants.swift; sourceTree = "<group>"; };
		866FFB2A1E15CA39009FEE00 /* RoundBtn.swift */ = {isa = PBXFileReference; fileEncoding = 4; lastKnownFileType = sourcecode.swift; path = RoundBtn.swift; sourceTree = "<group>"; };
		866FFB2C1E15CC42009FEE00 /* EnhancedField.swift */ = {isa = PBXFileReference; fileEncoding = 4; lastKnownFileType = sourcecode.swift; path = EnhancedField.swift; sourceTree = "<group>"; };
		866FFB2E1E15CD6D009FEE00 /* EnhancedBtn.swift */ = {isa = PBXFileReference; fileEncoding = 4; lastKnownFileType = sourcecode.swift; path = EnhancedBtn.swift; sourceTree = "<group>"; };
		B9798FCD10EB6DFF714F0E70 /* Pods_Social_App.framework */ = {isa = PBXFileReference; explicitFileType = wrapper.framework; includeInIndex = 0; path = Pods_Social_App.framework; sourceTree = BUILT_PRODUCTS_DIR; };
/* End PBXFileReference section */

/* Begin PBXFrameworksBuildPhase section */
		866FFB081E1583C9009FEE00 /* Frameworks */ = {
			isa = PBXFrameworksBuildPhase;
			buildActionMask = 2147483647;
			files = (
				EE233D0272FC6BE356D2FF64 /* Pods_Social_App.framework in Frameworks */,
			);
			runOnlyForDeploymentPostprocessing = 0;
		};
/* End PBXFrameworksBuildPhase section */

/* Begin PBXGroup section */
		65B10E087C9EACD9FBDCD780 /* Frameworks */ = {
			isa = PBXGroup;
			children = (
				B9798FCD10EB6DFF714F0E70 /* Pods_Social_App.framework */,
			);
			name = Frameworks;
			sourceTree = "<group>";
		};
		76CB117074E07414884EBBA2 /* Pods */ = {
			isa = PBXGroup;
			children = (
				3F55B3E3B0828AE15F9BD425 /* Pods-Social App.debug.xcconfig */,
				6549D10206AA04CE89409667 /* Pods-Social App.release.xcconfig */,
			);
			name = Pods;
			sourceTree = "<group>";
		};
		866FFB021E1583C9009FEE00 = {
			isa = PBXGroup;
			children = (
				866FFB0D1E1583CA009FEE00 /* Social App */,
				866FFB0C1E1583CA009FEE00 /* Products */,
				76CB117074E07414884EBBA2 /* Pods */,
				65B10E087C9EACD9FBDCD780 /* Frameworks */,
			);
			sourceTree = "<group>";
		};
		866FFB0C1E1583CA009FEE00 /* Products */ = {
			isa = PBXGroup;
			children = (
				866FFB0B1E1583CA009FEE00 /* Social App.app */,
			);
			name = Products;
			sourceTree = "<group>";
		};
		866FFB0D1E1583CA009FEE00 /* Social App */ = {
			isa = PBXGroup;
			children = (
				866FFB271E15C887009FEE00 /* Util */,
				866FFB241E15867F009FEE00 /* Model */,
				866FFB231E158679009FEE00 /* View */,
				866FFB221E158672009FEE00 /* Controller */,
				866FFB0E1E1583CA009FEE00 /* AppDelegate.swift */,
				866FFB121E1583CA009FEE00 /* Main.storyboard */,
				866FFB151E1583CA009FEE00 /* Assets.xcassets */,
				866FFB171E1583CA009FEE00 /* LaunchScreen.storyboard */,
				866FFB1A1E1583CA009FEE00 /* Info.plist */,
				866FFB201E158432009FEE00 /* GoogleService-Info.plist */,
			);
			path = "Social App";
			sourceTree = "<group>";
		};
		866FFB221E158672009FEE00 /* Controller */ = {
			isa = PBXGroup;
			children = (
				866FFB101E1583CA009FEE00 /* SignInVC.swift */,
			);
			name = Controller;
			sourceTree = "<group>";
		};
		866FFB231E158679009FEE00 /* View */ = {
			isa = PBXGroup;
			children = (
				866FFB251E15C807009FEE00 /* EnhancedView.swift */,
				866FFB2A1E15CA39009FEE00 /* RoundBtn.swift */,
				866FFB2C1E15CC42009FEE00 /* EnhancedField.swift */,
				866FFB2E1E15CD6D009FEE00 /* EnhancedBtn.swift */,
			);
			name = View;
			sourceTree = "<group>";
		};
		866FFB241E15867F009FEE00 /* Model */ = {
			isa = PBXGroup;
			children = (
			);
			name = Model;
			sourceTree = "<group>";
		};
		866FFB271E15C887009FEE00 /* Util */ = {
			isa = PBXGroup;
			children = (
				866FFB281E15C894009FEE00 /* Constants.swift */,
			);
			name = Util;
			sourceTree = "<group>";
		};
/* End PBXGroup section */

/* Begin PBXNativeTarget section */
		866FFB0A1E1583C9009FEE00 /* Social App */ = {
			isa = PBXNativeTarget;
			buildConfigurationList = 866FFB1D1E1583CA009FEE00 /* Build configuration list for PBXNativeTarget "Social App" */;
			buildPhases = (
				A3F502F567D46DE12970F143 /* [CP] Check Pods Manifest.lock */,
				866FFB071E1583C9009FEE00 /* Sources */,
				866FFB081E1583C9009FEE00 /* Frameworks */,
				866FFB091E1583C9009FEE00 /* Resources */,
				A3BCBB65D409F281590A1BED /* [CP] Embed Pods Frameworks */,
				1D1EFD3D0F234997A72F5020 /* [CP] Copy Pods Resources */,
			);
			buildRules = (
			);
			dependencies = (
			);
			name = "Social App";
			productName = "Social App";
			productReference = 866FFB0B1E1583CA009FEE00 /* Social App.app */;
			productType = "com.apple.product-type.application";
		};
/* End PBXNativeTarget section */

/* Begin PBXProject section */
		866FFB031E1583C9009FEE00 /* Project object */ = {
			isa = PBXProject;
			attributes = {
				LastSwiftUpdateCheck = 0810;
				LastUpgradeCheck = 0810;
				ORGANIZATIONNAME = Malibit;
				TargetAttributes = {
					866FFB0A1E1583C9009FEE00 = {
						CreatedOnToolsVersion = 8.1;
						ProvisioningStyle = Automatic;
					};
				};
			};
			buildConfigurationList = 866FFB061E1583C9009FEE00 /* Build configuration list for PBXProject "Social App" */;
			compatibilityVersion = "Xcode 3.2";
			developmentRegion = English;
			hasScannedForEncodings = 0;
			knownRegions = (
				en,
				Base,
			);
			mainGroup = 866FFB021E1583C9009FEE00;
			productRefGroup = 866FFB0C1E1583CA009FEE00 /* Products */;
			projectDirPath = "";
			projectRoot = "";
			targets = (
				866FFB0A1E1583C9009FEE00 /* Social App */,
			);
		};
/* End PBXProject section */

/* Begin PBXResourcesBuildPhase section */
		866FFB091E1583C9009FEE00 /* Resources */ = {
			isa = PBXResourcesBuildPhase;
			buildActionMask = 2147483647;
			files = (
				866FFB191E1583CA009FEE00 /* LaunchScreen.storyboard in Resources */,
				866FFB211E158432009FEE00 /* GoogleService-Info.plist in Resources */,
				866FFB161E1583CA009FEE00 /* Assets.xcassets in Resources */,
				866FFB141E1583CA009FEE00 /* Main.storyboard in Resources */,
			);
			runOnlyForDeploymentPostprocessing = 0;
		};
/* End PBXResourcesBuildPhase section */

/* Begin PBXShellScriptBuildPhase section */
		1D1EFD3D0F234997A72F5020 /* [CP] Copy Pods Resources */ = {
			isa = PBXShellScriptBuildPhase;
			buildActionMask = 2147483647;
			files = (
			);
			inputPaths = (
			);
			name = "[CP] Copy Pods Resources";
			outputPaths = (
			);
			runOnlyForDeploymentPostprocessing = 0;
			shellPath = /bin/sh;
			shellScript = "\"${SRCROOT}/Pods/Target Support Files/Pods-Social App/Pods-Social App-resources.sh\"\n";
			showEnvVarsInLog = 0;
		};
		A3BCBB65D409F281590A1BED /* [CP] Embed Pods Frameworks */ = {
			isa = PBXShellScriptBuildPhase;
			buildActionMask = 2147483647;
			files = (
			);
			inputPaths = (
			);
			name = "[CP] Embed Pods Frameworks";
			outputPaths = (
			);
			runOnlyForDeploymentPostprocessing = 0;
			shellPath = /bin/sh;
			shellScript = "\"${SRCROOT}/Pods/Target Support Files/Pods-Social App/Pods-Social App-frameworks.sh\"\n";
			showEnvVarsInLog = 0;
		};
		A3F502F567D46DE12970F143 /* [CP] Check Pods Manifest.lock */ = {
			isa = PBXShellScriptBuildPhase;
			buildActionMask = 2147483647;
			files = (
			);
			inputPaths = (
			);
			name = "[CP] Check Pods Manifest.lock";
			outputPaths = (
			);
			runOnlyForDeploymentPostprocessing = 0;
			shellPath = /bin/sh;
			shellScript = "diff \"${PODS_ROOT}/../Podfile.lock\" \"${PODS_ROOT}/Manifest.lock\" > /dev/null\nif [ $? != 0 ] ; then\n    # print error to STDERR\n    echo \"error: The sandbox is not in sync with the Podfile.lock. Run 'pod install' or update your CocoaPods installation.\" >&2\n    exit 1\nfi\n";
			showEnvVarsInLog = 0;
		};
/* End PBXShellScriptBuildPhase section */

/* Begin PBXSourcesBuildPhase section */
		866FFB071E1583C9009FEE00 /* Sources */ = {
			isa = PBXSourcesBuildPhase;
			buildActionMask = 2147483647;
			files = (
				866FFB111E1583CA009FEE00 /* SignInVC.swift in Sources */,
				866FFB2B1E15CA39009FEE00 /* RoundBtn.swift in Sources */,
				866FFB2D1E15CC42009FEE00 /* EnhancedField.swift in Sources */,
				866FFB0F1E1583CA009FEE00 /* AppDelegate.swift in Sources */,
				866FFB2F1E15CD6D009FEE00 /* EnhancedBtn.swift in Sources */,
				866FFB261E15C807009FEE00 /* EnhancedView.swift in Sources */,
				866FFB291E15C894009FEE00 /* Constants.swift in Sources */,
			);
			runOnlyForDeploymentPostprocessing = 0;
		};
/* End PBXSourcesBuildPhase section */

/* Begin PBXVariantGroup section */
		866FFB121E1583CA009FEE00 /* Main.storyboard */ = {
			isa = PBXVariantGroup;
			children = (
				866FFB131E1583CA009FEE00 /* Base */,
			);
			name = Main.storyboard;
			sourceTree = "<group>";
		};
		866FFB171E1583CA009FEE00 /* LaunchScreen.storyboard */ = {
			isa = PBXVariantGroup;
			children = (
				866FFB181E1583CA009FEE00 /* Base */,
			);
			name = LaunchScreen.storyboard;
			sourceTree = "<group>";
		};
/* End PBXVariantGroup section */

/* Begin XCBuildConfiguration section */
		866FFB1B1E1583CA009FEE00 /* Debug */ = {
			isa = XCBuildConfiguration;
			buildSettings = {
				ALWAYS_SEARCH_USER_PATHS = NO;
				CLANG_ANALYZER_NONNULL = YES;
				CLANG_CXX_LANGUAGE_STANDARD = "gnu++0x";
				CLANG_CXX_LIBRARY = "libc++";
				CLANG_ENABLE_MODULES = YES;
				CLANG_ENABLE_OBJC_ARC = YES;
				CLANG_WARN_BOOL_CONVERSION = YES;
				CLANG_WARN_CONSTANT_CONVERSION = YES;
				CLANG_WARN_DIRECT_OBJC_ISA_USAGE = YES_ERROR;
				CLANG_WARN_DOCUMENTATION_COMMENTS = YES;
				CLANG_WARN_EMPTY_BODY = YES;
				CLANG_WARN_ENUM_CONVERSION = YES;
				CLANG_WARN_INFINITE_RECURSION = YES;
				CLANG_WARN_INT_CONVERSION = YES;
				CLANG_WARN_OBJC_ROOT_CLASS = YES_ERROR;
				CLANG_WARN_SUSPICIOUS_MOVES = YES;
				CLANG_WARN_UNREACHABLE_CODE = YES;
				CLANG_WARN__DUPLICATE_METHOD_MATCH = YES;
				"CODE_SIGN_IDENTITY[sdk=iphoneos*]" = "iPhone Developer";
				COPY_PHASE_STRIP = NO;
				DEBUG_INFORMATION_FORMAT = dwarf;
				ENABLE_STRICT_OBJC_MSGSEND = YES;
				ENABLE_TESTABILITY = YES;
				GCC_C_LANGUAGE_STANDARD = gnu99;
				GCC_DYNAMIC_NO_PIC = NO;
				GCC_NO_COMMON_BLOCKS = YES;
				GCC_OPTIMIZATION_LEVEL = 0;
				GCC_PREPROCESSOR_DEFINITIONS = (
					"DEBUG=1",
					"$(inherited)",
				);
				GCC_WARN_64_TO_32_BIT_CONVERSION = YES;
				GCC_WARN_ABOUT_RETURN_TYPE = YES_ERROR;
				GCC_WARN_UNDECLARED_SELECTOR = YES;
				GCC_WARN_UNINITIALIZED_AUTOS = YES_AGGRESSIVE;
				GCC_WARN_UNUSED_FUNCTION = YES;
				GCC_WARN_UNUSED_VARIABLE = YES;
				IPHONEOS_DEPLOYMENT_TARGET = 10.1;
				MTL_ENABLE_DEBUG_INFO = YES;
				ONLY_ACTIVE_ARCH = YES;
				SDKROOT = iphoneos;
				SWIFT_ACTIVE_COMPILATION_CONDITIONS = DEBUG;
				SWIFT_OPTIMIZATION_LEVEL = "-Onone";
				TARGETED_DEVICE_FAMILY = "1,2";
			};
			name = Debug;
		};
		866FFB1C1E1583CA009FEE00 /* Release */ = {
			isa = XCBuildConfiguration;
			buildSettings = {
				ALWAYS_SEARCH_USER_PATHS = NO;
				CLANG_ANALYZER_NONNULL = YES;
				CLANG_CXX_LANGUAGE_STANDARD = "gnu++0x";
				CLANG_CXX_LIBRARY = "libc++";
				CLANG_ENABLE_MODULES = YES;
				CLANG_ENABLE_OBJC_ARC = YES;
				CLANG_WARN_BOOL_CONVERSION = YES;
				CLANG_WARN_CONSTANT_CONVERSION = YES;
				CLANG_WARN_DIRECT_OBJC_ISA_USAGE = YES_ERROR;
				CLANG_WARN_DOCUMENTATION_COMMENTS = YES;
				CLANG_WARN_EMPTY_BODY = YES;
				CLANG_WARN_ENUM_CONVERSION = YES;
				CLANG_WARN_INFINITE_RECURSION = YES;
				CLANG_WARN_INT_CONVERSION = YES;
				CLANG_WARN_OBJC_ROOT_CLASS = YES_ERROR;
				CLANG_WARN_SUSPICIOUS_MOVES = YES;
				CLANG_WARN_UNREACHABLE_CODE = YES;
				CLANG_WARN__DUPLICATE_METHOD_MATCH = YES;
				"CODE_SIGN_IDENTITY[sdk=iphoneos*]" = "iPhone Developer";
				COPY_PHASE_STRIP = NO;
				DEBUG_INFORMATION_FORMAT = "dwarf-with-dsym";
				ENABLE_NS_ASSERTIONS = NO;
				ENABLE_STRICT_OBJC_MSGSEND = YES;
				GCC_C_LANGUAGE_STANDARD = gnu99;
				GCC_NO_COMMON_BLOCKS = YES;
				GCC_WARN_64_TO_32_BIT_CONVERSION = YES;
				GCC_WARN_ABOUT_RETURN_TYPE = YES_ERROR;
				GCC_WARN_UNDECLARED_SELECTOR = YES;
				GCC_WARN_UNINITIALIZED_AUTOS = YES_AGGRESSIVE;
				GCC_WARN_UNUSED_FUNCTION = YES;
				GCC_WARN_UNUSED_VARIABLE = YES;
				IPHONEOS_DEPLOYMENT_TARGET = 10.1;
				MTL_ENABLE_DEBUG_INFO = NO;
				SDKROOT = iphoneos;
				SWIFT_OPTIMIZATION_LEVEL = "-Owholemodule";
				TARGETED_DEVICE_FAMILY = "1,2";
				VALIDATE_PRODUCT = YES;
			};
			name = Release;
		};
		866FFB1E1E1583CA009FEE00 /* Debug */ = {
			isa = XCBuildConfiguration;
			baseConfigurationReference = 3F55B3E3B0828AE15F9BD425 /* Pods-Social App.debug.xcconfig */;
			buildSettings = {
				ASSETCATALOG_COMPILER_APPICON_NAME = AppIcon;
				INFOPLIST_FILE = "Social App/Info.plist";
				LD_RUNPATH_SEARCH_PATHS = "$(inherited) @executable_path/Frameworks";
				PRODUCT_BUNDLE_IDENTIFIER = "com.malibit.Social-App";
				PRODUCT_NAME = "$(TARGET_NAME)";
				SWIFT_VERSION = 3.0;
			};
			name = Debug;
		};
		866FFB1F1E1583CA009FEE00 /* Release */ = {
			isa = XCBuildConfiguration;
			baseConfigurationReference = 6549D10206AA04CE89409667 /* Pods-Social App.release.xcconfig */;
			buildSettings = {
				ASSETCATALOG_COMPILER_APPICON_NAME = AppIcon;
				INFOPLIST_FILE = "Social App/Info.plist";
				LD_RUNPATH_SEARCH_PATHS = "$(inherited) @executable_path/Frameworks";
				PRODUCT_BUNDLE_IDENTIFIER = "com.malibit.Social-App";
				PRODUCT_NAME = "$(TARGET_NAME)";
				SWIFT_VERSION = 3.0;
			};
			name = Release;
		};
/* End XCBuildConfiguration section */

/* Begin XCConfigurationList section */
		866FFB061E1583C9009FEE00 /* Build configuration list for PBXProject "Social App" */ = {
			isa = XCConfigurationList;
			buildConfigurations = (
				866FFB1B1E1583CA009FEE00 /* Debug */,
				866FFB1C1E1583CA009FEE00 /* Release */,
			);
			defaultConfigurationIsVisible = 0;
			defaultConfigurationName = Release;
		};
		866FFB1D1E1583CA009FEE00 /* Build configuration list for PBXNativeTarget "Social App" */ = {
			isa = XCConfigurationList;
			buildConfigurations = (
				866FFB1E1E1583CA009FEE00 /* Debug */,
				866FFB1F1E1583CA009FEE00 /* Release */,
			);
			defaultConfigurationIsVisible = 0;
			defaultConfigurationName = Release;
		};
/* End XCConfigurationList section */
	};
	rootObject = 866FFB031E1583C9009FEE00 /* Project object */;
}
